<?xml version="1.0" encoding="utf-8"?>
<Project ToolsVersion="4.0" xmlns="http://schemas.microsoft.com/developer/msbuild/2003">
  <ItemGroup>
    <Filter Include="Other">
      <UniqueIdentifier>{4FC737F1-C7A5-4376-A066-2A32D752A2FF}</UniqueIdentifier>
      <Extensions>cpp;c;cc;cxx;def;odl;idl;hpj;bat;asm;asmx</Extensions>
    </Filter>
    <Filter Include="Resource Files">
      <UniqueIdentifier>{67DA6AB6-F800-4c08-8B7A-83BB121AAD01}</UniqueIdentifier>
      <Extensions>rc;ico;cur;bmp;dlg;rc2;rct;bin;rgs;gif;jpg;jpeg;jpe;resx;tiff;tif;png;wav;mfcribbon-ms</Extensions>
    </Filter>
    <Filter Include="Frame">
      <UniqueIdentifier>{4d3712b0-d324-4ea0-8980-45d199b16667}</UniqueIdentifier>
    </Filter>
    <Filter Include="Frame\BaseApp">
      <UniqueIdentifier>{c6e2b98a-5a7a-4f6b-b9e2-38f43980e79d}</UniqueIdentifier>
    </Filter>
    <Filter Include="Frame\RenderDevice">
      <UniqueIdentifier>{badbeb3f-e774-421d-bf6d-28ebdace9ab5}</UniqueIdentifier>
    </Filter>
    <Filter Include="Frame\Grid">
      <UniqueIdentifier>{6d030ae7-ccf5-4280-a91c-f2eb1a3afe86}</UniqueIdentifier>
    </Filter>
    <Filter Include="Frame\Shader">
      <UniqueIdentifier>{4da8a124-50b1-4642-bb26-d40cbadea580}</UniqueIdentifier>
    </Filter>
    <Filter Include="Frame\Camera">
      <UniqueIdentifier>{07e8c40b-1de0-4a9a-9ffc-c33e55123c46}</UniqueIdentifier>
    </Filter>
    <Filter Include="Frame\Input">
      <UniqueIdentifier>{8e5f17cd-bab1-43cf-81ab-6daea38bf936}</UniqueIdentifier>
    </Filter>
  </ItemGroup>
  <ItemGroup>
    <ClInclude Include="..\src\Common.h">
      <Filter>Other</Filter>
    </ClInclude>
    <ClInclude Include="..\src\BaseApp.h">
      <Filter>Frame\BaseApp</Filter>
    </ClInclude>
    <ClInclude Include="..\src\RenderDevice.h">
      <Filter>Frame\RenderDevice</Filter>
    </ClInclude>
    <ClInclude Include="resource.h">
      <Filter>Other</Filter>
    </ClInclude>
    <ClInclude Include="..\src\CallBack.h">
      <Filter>Other</Filter>
    </ClInclude>
    <ClInclude Include="..\src\Grid.h">
      <Filter>Frame\Grid</Filter>
    </ClInclude>
    <ClInclude Include="..\src\Shader.h">
      <Filter>Frame\Shader</Filter>
    </ClInclude>
    <ClInclude Include="..\src\Camera.h">
      <Filter>Frame\Camera</Filter>
    </ClInclude>
    <ClInclude Include="..\src\Input.h">
      <Filter>Frame\Input</Filter>
    </ClInclude>
  </ItemGroup>
  <ItemGroup>
    <ResourceCompile Include="VS2k10.rc">
      <Filter>Resource Files</Filter>
    </ResourceCompile>
  </ItemGroup>
  <ItemGroup>
    <None Include="..\res\icon.ico">
      <Filter>Resource Files</Filter>
    </None>
  </ItemGroup>
  <ItemGroup>
    <ClCompile Include="..\src\BaseApp.cpp">
      <Filter>Frame\BaseApp</Filter>
    </ClCompile>
    <ClCompile Include="..\src\RenderDevice.cpp">
      <Filter>Frame\RenderDevice</Filter>
    </ClCompile>
    <ClCompile Include="..\src\Grid.cpp">
      <Filter>Frame\Grid</Filter>
    </ClCompile>
    <ClCompile Include="..\src\Shader.cpp">
      <Filter>Frame\Shader</Filter>
    </ClCompile>
    <ClCompile Include="..\src\Camera.cpp">
      <Filter>Frame\Camera</Filter>
    </ClCompile>
    <ClCompile Include="..\src\Input.cpp">
      <Filter>Frame\Input</Filter>
    </ClCompile>
  </ItemGroup>
</Project>