<?xml version="1.0" encoding="utf-8"?>
<Project ToolsVersion="4.0" xmlns="http://schemas.microsoft.com/developer/msbuild/2003">
  <ItemGroup>
    <Filter Include="Resource Files">
      <UniqueIdentifier>{67DA6AB6-F800-4c08-8B7A-83BB121AAD01}</UniqueIdentifier>
      <Extensions>rc;ico;cur;bmp;dlg;rc2;rct;bin;rgs;gif;jpg;jpeg;jpe;resx;tiff;tif;png;wav;mfcribbon-ms</Extensions>
    </Filter>
    <Filter Include="Misc">
      <UniqueIdentifier>{dce3ca2a-2e05-43fb-8345-34e6dd4d67f5}</UniqueIdentifier>
    </Filter>
    <Filter Include="Camera">
      <UniqueIdentifier>{07e8c40b-1de0-4a9a-9ffc-c33e55123c46}</UniqueIdentifier>
    </Filter>
    <Filter Include="GameObjects">
      <UniqueIdentifier>{c5c2562e-f095-4192-ba81-935fb5c1db3f}</UniqueIdentifier>
    </Filter>
    <Filter Include="GameObjects\Grid">
      <UniqueIdentifier>{6d030ae7-ccf5-4280-a91c-f2eb1a3afe86}</UniqueIdentifier>
    </Filter>
    <Filter Include="Managers">
      <UniqueIdentifier>{c939f2d2-8b76-412a-9f04-8a3944cd91d0}</UniqueIdentifier>
    </Filter>
    <Filter Include="Shader">
      <UniqueIdentifier>{4da8a124-50b1-4642-bb26-d40cbadea580}</UniqueIdentifier>
    </Filter>
    <Filter Include="Other">
      <UniqueIdentifier>{4FC737F1-C7A5-4376-A066-2A32D752A2FF}</UniqueIdentifier>
      <Extensions>cpp;c;cc;cxx;def;odl;idl;hpj;bat;asm;asmx</Extensions>
    </Filter>
    <Filter Include="Terrain">
      <UniqueIdentifier>{f6dae73d-637b-48c1-8910-2f136dd0d5d7}</UniqueIdentifier>
    </Filter>
    <Filter Include="Misc\Config">
      <UniqueIdentifier>{660ce1ed-0264-48e1-912e-dbc33ff3e7f4}</UniqueIdentifier>
    </Filter>
    <Filter Include="Misc\BaseApp">
      <UniqueIdentifier>{c6e2b98a-5a7a-4f6b-b9e2-38f43980e79d}</UniqueIdentifier>
    </Filter>
    <Filter Include="Misc\Input">
      <UniqueIdentifier>{8e5f17cd-bab1-43cf-81ab-6daea38bf936}</UniqueIdentifier>
    </Filter>
    <Filter Include="Misc\RenderDevice">
      <UniqueIdentifier>{badbeb3f-e774-421d-bf6d-28ebdace9ab5}</UniqueIdentifier>
    </Filter>
  </ItemGroup>
  <ItemGroup>
    <ClInclude Include="..\src\BaseApp.h">
      <Filter>Misc\BaseApp</Filter>
    </ClInclude>
    <ClInclude Include="..\src\RenderDevice.h">
      <Filter>Misc\RenderDevice</Filter>
    </ClInclude>
    <ClInclude Include="..\src\Grid.h">
      <Filter>GameObjects\Grid</Filter>
    </ClInclude>
    <ClInclude Include="..\src\Shader.h">
      <Filter>Shader</Filter>
    </ClInclude>
    <ClInclude Include="..\src\Camera.h">
      <Filter>Camera</Filter>
    </ClInclude>
    <ClInclude Include="..\src\Input.h">
      <Filter>Misc\Input</Filter>
    </ClInclude>
    <ClInclude Include="..\src\GameObject.h">
      <Filter>GameObjects</Filter>
    </ClInclude>
    <ClInclude Include="..\src\Singleton.h">
      <Filter>Misc</Filter>
    </ClInclude>
    <ClInclude Include="..\src\ResourcesMgr.h">
      <Filter>Managers</Filter>
    </ClInclude>
    <ClInclude Include="..\src\SceneMgr.h">
      <Filter>Managers</Filter>
    </ClInclude>
    <ClInclude Include="..\src\Text2d.h">
      <Filter>Other</Filter>
    </ClInclude>
    <ClInclude Include="..\src\Frustum.h">
      <Filter>Camera</Filter>
    </ClInclude>
    <ClInclude Include="..\src\BoundingObject.h">
      <Filter>GameObjects</Filter>
    </ClInclude>
    <ClInclude Include="..\src\VertexArrayObject.h">
      <Filter>Other</Filter>
    </ClInclude>
    <ClInclude Include="..\src\ModelData.h">
      <Filter>Other</Filter>
    </ClInclude>
    <ClInclude Include="..\src\Player.h">
      <Filter>GameObjects</Filter>
    </ClInclude>
    <ClInclude Include="..\src\DynamicObject.h">
      <Filter>GameObjects</Filter>
    </ClInclude>
    <ClInclude Include="..\src\Config.h">
      <Filter>Misc\Config</Filter>
    </ClInclude>
    <ClInclude Include="..\src\Timer.h">
      <Filter>Misc</Filter>
    </ClInclude>
    <ClInclude Include="..\src\Terrain.h">
      <Filter>Terrain</Filter>
    </ClInclude>
    <ClInclude Include="..\src\CallBack.h">
      <Filter>Misc</Filter>
    </ClInclude>
    <ClInclude Include="..\src\Common.h">
      <Filter>Misc</Filter>
    </ClInclude>
    <ClInclude Include="..\src\Exception.h">
      <Filter>Misc</Filter>
    </ClInclude>
    <ClInclude Include="resource.h">
      <Filter>Misc</Filter>
    </ClInclude>
    <ClInclude Include="..\src\FrameBufferObject.h">
      <Filter>Other</Filter>
    </ClInclude>
  </ItemGroup>
  <ItemGroup>
    <ResourceCompile Include="VS2k10.rc">
      <Filter>Resource Files</Filter>
    </ResourceCompile>
  </ItemGroup>
  <ItemGroup>
    <None Include="..\res\icon.ico">
      <Filter>Resource Files</Filter>
    </None>
    <None Include="..\bin\config.ini">
      <Filter>Misc\Config</Filter>
    </None>
    <None Include="..\res\shaders\test.glsl">
      <Filter>Resource Files</Filter>
    </None>
    <None Include="..\res\shaders\text2d.glsl">
      <Filter>Resource Files</Filter>
    </None>
  </ItemGroup>
  <ItemGroup>
    <ClCompile Include="..\src\BaseApp.cpp">
      <Filter>Misc\BaseApp</Filter>
    </ClCompile>
    <ClCompile Include="..\src\RenderDevice.cpp">
      <Filter>Misc\RenderDevice</Filter>
    </ClCompile>
    <ClCompile Include="..\src\Grid.cpp">
      <Filter>GameObjects\Grid</Filter>
    </ClCompile>
    <ClCompile Include="..\src\Shader.cpp">
      <Filter>Shader</Filter>
    </ClCompile>
    <ClCompile Include="..\src\Camera.cpp">
      <Filter>Camera</Filter>
    </ClCompile>
    <ClCompile Include="..\src\Input.cpp">
      <Filter>Misc\Input</Filter>
    </ClCompile>
    <ClCompile Include="..\src\GameObject.cpp">
      <Filter>GameObjects</Filter>
    </ClCompile>
    <ClCompile Include="..\src\ResourcesMgr.cpp">
      <Filter>Managers</Filter>
    </ClCompile>
    <ClCompile Include="..\src\SceneMgr.cpp">
      <Filter>Managers</Filter>
    </ClCompile>
    <ClCompile Include="..\src\Text2d.cpp">
      <Filter>Other</Filter>
    </ClCompile>
    <ClCompile Include="..\src\Frustum.cpp">
      <Filter>Camera</Filter>
    </ClCompile>
    <ClCompile Include="..\src\BoundingObject.cpp">
      <Filter>GameObjects</Filter>
    </ClCompile>
    <ClCompile Include="..\src\VertexArrayObject.cpp">
      <Filter>Other</Filter>
    </ClCompile>
    <ClCompile Include="..\src\ModelData.cpp">
      <Filter>Other</Filter>
    </ClCompile>
    <ClCompile Include="..\src\Player.cpp">
      <Filter>GameObjects</Filter>
    </ClCompile>
    <ClCompile Include="..\src\DynamicObject.cpp">
      <Filter>GameObjects</Filter>
    </ClCompile>
    <ClCompile Include="..\src\Config.cpp">
      <Filter>Misc\Config</Filter>
    </ClCompile>
    <ClCompile Include="..\src\Terrain.cpp">
      <Filter>Terrain</Filter>
    </ClCompile>
    <ClCompile Include="..\src\FrameBufferObject.cpp">
      <Filter>Other</Filter>
    </ClCompile>
  </ItemGroup>
</Project>