
Microsoft Visual Studio Solution File, Format Version 11.00
# Visual Studio 2010
Project("{8BC9CEB8-8B4A-11D0-8D11-00A0C91BC942}") = "game", "VS2k10.vcxproj", "{8B19F484-02DA-47BA-BF49-6584348049AB}"
EndProject
Global
	GlobalSection(SolutionConfigurationPlatforms) = preSolution
		Debug|Win32 = Debug|Win32
		Release|Win32 = Release|Win32
	EndGlobalSection
	GlobalSection(ProjectConfigurationPlatforms) = postSolution
		{8B19F484-02DA-47BA-BF49-6584348049AB}.Debug|Win32.ActiveCfg = Debug|Win32
		{8B19F484-02DA-47BA-BF49-6584348049AB}.Debug|Win32.Build.0 = Debug|Win32
		{8B19F484-02DA-47BA-BF49-6584348049AB}.Release|Win32.ActiveCfg = Release|Win32
		{8B19F484-02DA-47BA-BF49-6584348049AB}.Release|Win32.Build.0 = Release|Win32
	EndGlobalSection
	GlobalSection(SolutionProperties) = preSolution
		HideSolutionNode = FALSE
	EndGlobalSection
EndGlobal
